// !$*UTF8*$!
{
	archiveVersion = 1;
	classes = {
	};
	objectVersion = 56;
	objects = {

/* Begin PBXBuildFile section */
		5E5396E9D0FB7769257758F1 /* libPods-tekapp.a in Frameworks */ = {isa = PBXBuildFile; fileRef = 788C50C7264C8C1C912D8170 /* libPods-tekapp.a */; };
		703DA0892AE81F6000E9B97D /* AppDelegate.swift in Sources */ = {isa = PBXBuildFile; fileRef = 703DA0882AE81F6000E9B97D /* AppDelegate.swift */; };
		703DA08B2AE81F6000E9B97D /* SceneDelegate.swift in Sources */ = {isa = PBXBuildFile; fileRef = 703DA08A2AE81F6000E9B97D /* SceneDelegate.swift */; };
		703DA08D2AE81F6000E9B97D /* ViewController.swift in Sources */ = {isa = PBXBuildFile; fileRef = 703DA08C2AE81F6000E9B97D /* ViewController.swift */; };
		703DA0902AE81F6000E9B97D /* Main.storyboard in Resources */ = {isa = PBXBuildFile; fileRef = 703DA08E2AE81F6000E9B97D /* Main.storyboard */; };
		703DA0922AE81F6200E9B97D /* Assets.xcassets in Resources */ = {isa = PBXBuildFile; fileRef = 703DA0912AE81F6200E9B97D /* Assets.xcassets */; };
		703DA0952AE81F6200E9B97D /* LaunchScreen.storyboard in Resources */ = {isa = PBXBuildFile; fileRef = 703DA0932AE81F6200E9B97D /* LaunchScreen.storyboard */; };
		7080E4192AE95578009F0C55 /* Parameters.swift in Sources */ = {isa = PBXBuildFile; fileRef = 7080E4182AE95578009F0C55 /* Parameters.swift */; };
		7080E41B2AE95832009F0C55 /* Search.swift in Sources */ = {isa = PBXBuildFile; fileRef = 7080E41A2AE95832009F0C55 /* Search.swift */; };
		7080E41E2AE95B8C009F0C55 /* ApiResponse.swift in Sources */ = {isa = PBXBuildFile; fileRef = 7080E41D2AE95B8C009F0C55 /* ApiResponse.swift */; };
		7080E4232AE95CC3009F0C55 /* ApiService.swift in Sources */ = {isa = PBXBuildFile; fileRef = 7080E4222AE95CC3009F0C55 /* ApiService.swift */; };
		70B65F102AE9629C00A51CEA /* HTTPStatusCode.swift in Sources */ = {isa = PBXBuildFile; fileRef = 70B65F0F2AE9629C00A51CEA /* HTTPStatusCode.swift */; };
		70B65F132AE96D2C00A51CEA /* DialogUtil.swift in Sources */ = {isa = PBXBuildFile; fileRef = 70B65F122AE96D2C00A51CEA /* DialogUtil.swift */; };
		70B65F152AE96D9D00A51CEA /* LoadingDialog.swift in Sources */ = {isa = PBXBuildFile; fileRef = 70B65F142AE96D9D00A51CEA /* LoadingDialog.swift */; };
		70B65F182AE96E3800A51CEA /* UIScreenEX.swift in Sources */ = {isa = PBXBuildFile; fileRef = 70B65F172AE96E3800A51CEA /* UIScreenEX.swift */; };
		70B65F1D2AEA4FDB00A51CEA /* SearchVM.swift in Sources */ = {isa = PBXBuildFile; fileRef = 70B65F1C2AEA4FDB00A51CEA /* SearchVM.swift */; };
		70B65F272AEA55CA00A51CEA /* SearchTVC.swift in Sources */ = {isa = PBXBuildFile; fileRef = 70B65F262AEA55CA00A51CEA /* SearchTVC.swift */; };
		70B65F292AEA817100A51CEA /* UIView.swift in Sources */ = {isa = PBXBuildFile; fileRef = 70B65F282AEA817100A51CEA /* UIView.swift */; };
		70B65F2B2AEA97D900A51CEA /* UIViewControllerEX.swift in Sources */ = {isa = PBXBuildFile; fileRef = 70B65F2A2AEA97D900A51CEA /* UIViewControllerEX.swift */; };
		70B65F2D2AEAA37600A51CEA /* SearchCVC.swift in Sources */ = {isa = PBXBuildFile; fileRef = 70B65F2C2AEAA37600A51CEA /* SearchCVC.swift */; };
		70DF91682AEB0E0F00509B95 /* SearchCellVM.swift in Sources */ = {isa = PBXBuildFile; fileRef = 70DF91672AEB0E0F00509B95 /* SearchCellVM.swift */; };
/* End PBXBuildFile section */

/* Begin PBXFileReference section */
		703DA0852AE81F6000E9B97D /* tekapp.app */ = {isa = PBXFileReference; explicitFileType = wrapper.application; includeInIndex = 0; path = tekapp.app; sourceTree = BUILT_PRODUCTS_DIR; };
		703DA0882AE81F6000E9B97D /* AppDelegate.swift */ = {isa = PBXFileReference; lastKnownFileType = sourcecode.swift; path = AppDelegate.swift; sourceTree = "<group>"; };
		703DA08A2AE81F6000E9B97D /* SceneDelegate.swift */ = {isa = PBXFileReference; lastKnownFileType = sourcecode.swift; path = SceneDelegate.swift; sourceTree = "<group>"; };
		703DA08C2AE81F6000E9B97D /* ViewController.swift */ = {isa = PBXFileReference; lastKnownFileType = sourcecode.swift; path = ViewController.swift; sourceTree = "<group>"; };
		703DA08F2AE81F6000E9B97D /* Base */ = {isa = PBXFileReference; lastKnownFileType = file.storyboard; name = Base; path = Base.lproj/Main.storyboard; sourceTree = "<group>"; };
		703DA0912AE81F6200E9B97D /* Assets.xcassets */ = {isa = PBXFileReference; lastKnownFileType = folder.assetcatalog; path = Assets.xcassets; sourceTree = "<group>"; };
		703DA0942AE81F6200E9B97D /* Base */ = {isa = PBXFileReference; lastKnownFileType = file.storyboard; name = Base; path = Base.lproj/LaunchScreen.storyboard; sourceTree = "<group>"; };
		703DA0962AE81F6200E9B97D /* Info.plist */ = {isa = PBXFileReference; lastKnownFileType = text.plist.xml; path = Info.plist; sourceTree = "<group>"; };
		7080E4182AE95578009F0C55 /* Parameters.swift */ = {isa = PBXFileReference; lastKnownFileType = sourcecode.swift; path = Parameters.swift; sourceTree = "<group>"; };
		7080E41A2AE95832009F0C55 /* Search.swift */ = {isa = PBXFileReference; lastKnownFileType = sourcecode.swift; path = Search.swift; sourceTree = "<group>"; };
		7080E41D2AE95B8C009F0C55 /* ApiResponse.swift */ = {isa = PBXFileReference; lastKnownFileType = sourcecode.swift; path = ApiResponse.swift; sourceTree = "<group>"; };
		7080E4222AE95CC3009F0C55 /* ApiService.swift */ = {isa = PBXFileReference; lastKnownFileType = sourcecode.swift; path = ApiService.swift; sourceTree = "<group>"; };
		70B65F0F2AE9629C00A51CEA /* HTTPStatusCode.swift */ = {isa = PBXFileReference; lastKnownFileType = sourcecode.swift; path = HTTPStatusCode.swift; sourceTree = "<group>"; };
		70B65F122AE96D2C00A51CEA /* DialogUtil.swift */ = {isa = PBXFileReference; lastKnownFileType = sourcecode.swift; path = DialogUtil.swift; sourceTree = "<group>"; };
		70B65F142AE96D9D00A51CEA /* LoadingDialog.swift */ = {isa = PBXFileReference; lastKnownFileType = sourcecode.swift; path = LoadingDialog.swift; sourceTree = "<group>"; };
		70B65F172AE96E3800A51CEA /* UIScreenEX.swift */ = {isa = PBXFileReference; lastKnownFileType = sourcecode.swift; path = UIScreenEX.swift; sourceTree = "<group>"; };
		70B65F1C2AEA4FDB00A51CEA /* SearchVM.swift */ = {isa = PBXFileReference; lastKnownFileType = sourcecode.swift; path = SearchVM.swift; sourceTree = "<group>"; };
		70B65F262AEA55CA00A51CEA /* SearchTVC.swift */ = {isa = PBXFileReference; lastKnownFileType = sourcecode.swift; path = SearchTVC.swift; sourceTree = "<group>"; };
		70B65F282AEA817100A51CEA /* UIView.swift */ = {isa = PBXFileReference; lastKnownFileType = sourcecode.swift; path = UIView.swift; sourceTree = "<group>"; };
		70B65F2A2AEA97D900A51CEA /* UIViewControllerEX.swift */ = {isa = PBXFileReference; lastKnownFileType = sourcecode.swift; path = UIViewControllerEX.swift; sourceTree = "<group>"; };
		70B65F2C2AEAA37600A51CEA /* SearchCVC.swift */ = {isa = PBXFileReference; lastKnownFileType = sourcecode.swift; path = SearchCVC.swift; sourceTree = "<group>"; };
		70DF91672AEB0E0F00509B95 /* SearchCellVM.swift */ = {isa = PBXFileReference; lastKnownFileType = sourcecode.swift; path = SearchCellVM.swift; sourceTree = "<group>"; };
		788C50C7264C8C1C912D8170 /* libPods-tekapp.a */ = {isa = PBXFileReference; explicitFileType = archive.ar; includeInIndex = 0; path = "libPods-tekapp.a"; sourceTree = BUILT_PRODUCTS_DIR; };
		8E0FDD4E99DE2DA8C214F2EC /* Pods-tekapp.release.xcconfig */ = {isa = PBXFileReference; includeInIndex = 1; lastKnownFileType = text.xcconfig; name = "Pods-tekapp.release.xcconfig"; path = "Target Support Files/Pods-tekapp/Pods-tekapp.release.xcconfig"; sourceTree = "<group>"; };
		DF35A9C3157197699E93FF9D /* Pods-tekapp.debug.xcconfig */ = {isa = PBXFileReference; includeInIndex = 1; lastKnownFileType = text.xcconfig; name = "Pods-tekapp.debug.xcconfig"; path = "Target Support Files/Pods-tekapp/Pods-tekapp.debug.xcconfig"; sourceTree = "<group>"; };
/* End PBXFileReference section */

/* Begin PBXFrameworksBuildPhase section */
		703DA0822AE81F6000E9B97D /* Frameworks */ = {
			isa = PBXFrameworksBuildPhase;
			buildActionMask = 2147483647;
			files = (
				5E5396E9D0FB7769257758F1 /* libPods-tekapp.a in Frameworks */,
			);
			runOnlyForDeploymentPostprocessing = 0;
		};
/* End PBXFrameworksBuildPhase section */

/* Begin PBXGroup section */
		703DA07C2AE81F6000E9B97D = {
			isa = PBXGroup;
			children = (
				703DA0872AE81F6000E9B97D /* tekapp */,
				703DA0862AE81F6000E9B97D /* Products */,
				8CBEAABB163CC32A60D3C3E4 /* Pods */,
				9680B506193F003BD97B9039 /* Frameworks */,
			);
			sourceTree = "<group>";
		};
		703DA0862AE81F6000E9B97D /* Products */ = {
			isa = PBXGroup;
			children = (
				703DA0852AE81F6000E9B97D /* tekapp.app */,
			);
			name = Products;
			sourceTree = "<group>";
		};
		703DA0872AE81F6000E9B97D /* tekapp */ = {
			isa = PBXGroup;
			children = (
				70B65F222AEA541000A51CEA /* app */,
				70B65F212AEA53E900A51CEA /* ui */,
				70B65F192AE96F5300A51CEA /* assets */,
				70B65F112AE96D1700A51CEA /* util */,
				7080E4152AE9551A009F0C55 /* config */,
				7080E4142AE93D23009F0C55 /* view_model */,
				7080E4132AE93D13009F0C55 /* data */,
			);
			path = tekapp;
			sourceTree = "<group>";
		};
		7080E4132AE93D13009F0C55 /* data */ = {
			isa = PBXGroup;
			children = (
				7080E4212AE95CA0009F0C55 /* service */,
				7080E4202AE95C56009F0C55 /* model */,
				7080E41F2AE95C4B009F0C55 /* response */,
			);
			path = data;
			sourceTree = "<group>";
		};
		7080E4142AE93D23009F0C55 /* view_model */ = {
			isa = PBXGroup;
			children = (
				70B65F1C2AEA4FDB00A51CEA /* SearchVM.swift */,
				70DF91672AEB0E0F00509B95 /* SearchCellVM.swift */,
			);
			path = view_model;
			sourceTree = "<group>";
		};
		7080E4152AE9551A009F0C55 /* config */ = {
			isa = PBXGroup;
			children = (
				703DA0962AE81F6200E9B97D /* Info.plist */,
				7080E4182AE95578009F0C55 /* Parameters.swift */,
			);
			path = config;
			sourceTree = "<group>";
		};
		7080E41F2AE95C4B009F0C55 /* response */ = {
			isa = PBXGroup;
			children = (
				7080E41D2AE95B8C009F0C55 /* ApiResponse.swift */,
				70B65F0F2AE9629C00A51CEA /* HTTPStatusCode.swift */,
			);
			path = response;
			sourceTree = "<group>";
		};
		7080E4202AE95C56009F0C55 /* model */ = {
			isa = PBXGroup;
			children = (
				7080E41A2AE95832009F0C55 /* Search.swift */,
			);
			path = model;
			sourceTree = "<group>";
		};
		7080E4212AE95CA0009F0C55 /* service */ = {
			isa = PBXGroup;
			children = (
				7080E4222AE95CC3009F0C55 /* ApiService.swift */,
			);
			path = service;
			sourceTree = "<group>";
		};
		70B65F112AE96D1700A51CEA /* util */ = {
			isa = PBXGroup;
			children = (
				70B65F202AEA53CF00A51CEA /* dialog */,
				70B65F162AE96E1E00A51CEA /* extension */,
			);
			path = util;
			sourceTree = "<group>";
		};
		70B65F162AE96E1E00A51CEA /* extension */ = {
			isa = PBXGroup;
			children = (
				70B65F172AE96E3800A51CEA /* UIScreenEX.swift */,
				70B65F2A2AEA97D900A51CEA /* UIViewControllerEX.swift */,
				70B65F282AEA817100A51CEA /* UIView.swift */,
			);
			path = extension;
			sourceTree = "<group>";
		};
		70B65F192AE96F5300A51CEA /* assets */ = {
			isa = PBXGroup;
			children = (
				703DA0912AE81F6200E9B97D /* Assets.xcassets */,
			);
			path = assets;
			sourceTree = "<group>";
		};
		70B65F202AEA53CF00A51CEA /* dialog */ = {
			isa = PBXGroup;
			children = (
				70B65F122AE96D2C00A51CEA /* DialogUtil.swift */,
				70B65F142AE96D9D00A51CEA /* LoadingDialog.swift */,
			);
			path = dialog;
			sourceTree = "<group>";
		};
		70B65F212AEA53E900A51CEA /* ui */ = {
			isa = PBXGroup;
			children = (
				70B65F252AEA545600A51CEA /* cell */,
				70B65F242AEA543C00A51CEA /* view_controller */,
				70B65F232AEA542800A51CEA /* storyboard */,
			);
			path = ui;
			sourceTree = "<group>";
		};
		70B65F222AEA541000A51CEA /* app */ = {
			isa = PBXGroup;
			children = (
				703DA0882AE81F6000E9B97D /* AppDelegate.swift */,
				703DA08A2AE81F6000E9B97D /* SceneDelegate.swift */,
			);
			path = app;
			sourceTree = "<group>";
		};
		70B65F232AEA542800A51CEA /* storyboard */ = {
			isa = PBXGroup;
			children = (
				703DA08E2AE81F6000E9B97D /* Main.storyboard */,
				703DA0932AE81F6200E9B97D /* LaunchScreen.storyboard */,
			);
			path = storyboard;
			sourceTree = "<group>";
		};
		70B65F242AEA543C00A51CEA /* view_controller */ = {
			isa = PBXGroup;
			children = (
				703DA08C2AE81F6000E9B97D /* ViewController.swift */,
			);
			path = view_controller;
			sourceTree = "<group>";
		};
		70B65F252AEA545600A51CEA /* cell */ = {
			isa = PBXGroup;
			children = (
				70B65F262AEA55CA00A51CEA /* SearchTVC.swift */,
				70B65F2C2AEAA37600A51CEA /* SearchCVC.swift */,
			);
			path = cell;
			sourceTree = "<group>";
		};
		8CBEAABB163CC32A60D3C3E4 /* Pods */ = {
			isa = PBXGroup;
			children = (
				DF35A9C3157197699E93FF9D /* Pods-tekapp.debug.xcconfig */,
				8E0FDD4E99DE2DA8C214F2EC /* Pods-tekapp.release.xcconfig */,
			);
			path = Pods;
			sourceTree = "<group>";
		};
		9680B506193F003BD97B9039 /* Frameworks */ = {
			isa = PBXGroup;
			children = (
				788C50C7264C8C1C912D8170 /* libPods-tekapp.a */,
			);
			name = Frameworks;
			sourceTree = "<group>";
		};
/* End PBXGroup section */

/* Begin PBXNativeTarget section */
		703DA0842AE81F6000E9B97D /* tekapp */ = {
			isa = PBXNativeTarget;
			buildConfigurationList = 703DA0992AE81F6200E9B97D /* Build configuration list for PBXNativeTarget "tekapp" */;
			buildPhases = (
				EB22760E4B36EE538B3AD8E7 /* [CP] Check Pods Manifest.lock */,
				703DA0812AE81F6000E9B97D /* Sources */,
				703DA0822AE81F6000E9B97D /* Frameworks */,
				703DA0832AE81F6000E9B97D /* Resources */,
			);
			buildRules = (
			);
			dependencies = (
			);
			name = tekapp;
			productName = tekapp;
			productReference = 703DA0852AE81F6000E9B97D /* tekapp.app */;
			productType = "com.apple.product-type.application";
		};
/* End PBXNativeTarget section */

/* Begin PBXProject section */
		703DA07D2AE81F6000E9B97D /* Project object */ = {
			isa = PBXProject;
			attributes = {
				BuildIndependentTargetsInParallel = 1;
				LastSwiftUpdateCheck = 1430;
				LastUpgradeCheck = 1430;
				TargetAttributes = {
					703DA0842AE81F6000E9B97D = {
						CreatedOnToolsVersion = 14.3.1;
					};
				};
			};
			buildConfigurationList = 703DA0802AE81F6000E9B97D /* Build configuration list for PBXProject "tekapp" */;
			compatibilityVersion = "Xcode 14.0";
			developmentRegion = en;
			hasScannedForEncodings = 0;
			knownRegions = (
				en,
				Base,
			);
			mainGroup = 703DA07C2AE81F6000E9B97D;
			productRefGroup = 703DA0862AE81F6000E9B97D /* Products */;
			projectDirPath = "";
			projectRoot = "";
			targets = (
				703DA0842AE81F6000E9B97D /* tekapp */,
			);
		};
/* End PBXProject section */

/* Begin PBXResourcesBuildPhase section */
		703DA0832AE81F6000E9B97D /* Resources */ = {
			isa = PBXResourcesBuildPhase;
			buildActionMask = 2147483647;
			files = (
				703DA0952AE81F6200E9B97D /* LaunchScreen.storyboard in Resources */,
				703DA0922AE81F6200E9B97D /* Assets.xcassets in Resources */,
				703DA0902AE81F6000E9B97D /* Main.storyboard in Resources */,
			);
			runOnlyForDeploymentPostprocessing = 0;
		};
/* End PBXResourcesBuildPhase section */

/* Begin PBXShellScriptBuildPhase section */
		EB22760E4B36EE538B3AD8E7 /* [CP] Check Pods Manifest.lock */ = {
			isa = PBXShellScriptBuildPhase;
			buildActionMask = 2147483647;
			files = (
			);
			inputFileListPaths = (
			);
			inputPaths = (
				"${PODS_PODFILE_DIR_PATH}/Podfile.lock",
				"${PODS_ROOT}/Manifest.lock",
			);
			name = "[CP] Check Pods Manifest.lock";
			outputFileListPaths = (
			);
			outputPaths = (
				"$(DERIVED_FILE_DIR)/Pods-tekapp-checkManifestLockResult.txt",
			);
			runOnlyForDeploymentPostprocessing = 0;
			shellPath = /bin/sh;
			shellScript = "diff \"${PODS_PODFILE_DIR_PATH}/Podfile.lock\" \"${PODS_ROOT}/Manifest.lock\" > /dev/null\nif [ $? != 0 ] ; then\n    # print error to STDERR\n    echo \"error: The sandbox is not in sync with the Podfile.lock. Run 'pod install' or update your CocoaPods installation.\" >&2\n    exit 1\nfi\n# This output is used by Xcode 'outputs' to avoid re-running this script phase.\necho \"SUCCESS\" > \"${SCRIPT_OUTPUT_FILE_0}\"\n";
			showEnvVarsInLog = 0;
		};
/* End PBXShellScriptBuildPhase section */

/* Begin PBXSourcesBuildPhase section */
		703DA0812AE81F6000E9B97D /* Sources */ = {
			isa = PBXSourcesBuildPhase;
			buildActionMask = 2147483647;
			files = (
				70B65F2B2AEA97D900A51CEA /* UIViewControllerEX.swift in Sources */,
				703DA08D2AE81F6000E9B97D /* ViewController.swift in Sources */,
				70B65F132AE96D2C00A51CEA /* DialogUtil.swift in Sources */,
				70B65F272AEA55CA00A51CEA /* SearchTVC.swift in Sources */,
				70B65F182AE96E3800A51CEA /* UIScreenEX.swift in Sources */,
				70DF91682AEB0E0F00509B95 /* SearchCellVM.swift in Sources */,
				703DA0892AE81F6000E9B97D /* AppDelegate.swift in Sources */,
				7080E41B2AE95832009F0C55 /* Search.swift in Sources */,
				7080E41E2AE95B8C009F0C55 /* ApiResponse.swift in Sources */,
				70B65F1D2AEA4FDB00A51CEA /* SearchVM.swift in Sources */,
				703DA08B2AE81F6000E9B97D /* SceneDelegate.swift in Sources */,
				70B65F152AE96D9D00A51CEA /* LoadingDialog.swift in Sources */,
				70B65F292AEA817100A51CEA /* UIView.swift in Sources */,
				70B65F2D2AEAA37600A51CEA /* SearchCVC.swift in Sources */,
				7080E4232AE95CC3009F0C55 /* ApiService.swift in Sources */,
				70B65F102AE9629C00A51CEA /* HTTPStatusCode.swift in Sources */,
				7080E4192AE95578009F0C55 /* Parameters.swift in Sources */,
			);
			runOnlyForDeploymentPostprocessing = 0;
		};
/* End PBXSourcesBuildPhase section */

/* Begin PBXVariantGroup section */
		703DA08E2AE81F6000E9B97D /* Main.storyboard */ = {
			isa = PBXVariantGroup;
			children = (
				703DA08F2AE81F6000E9B97D /* Base */,
			);
			name = Main.storyboard;
			sourceTree = "<group>";
		};
		703DA0932AE81F6200E9B97D /* LaunchScreen.storyboard */ = {
			isa = PBXVariantGroup;
			children = (
				703DA0942AE81F6200E9B97D /* Base */,
			);
			name = LaunchScreen.storyboard;
			sourceTree = "<group>";
		};
/* End PBXVariantGroup section */

/* Begin XCBuildConfiguration section */
		703DA0972AE81F6200E9B97D /* Debug */ = {
			isa = XCBuildConfiguration;
			buildSettings = {
				ALWAYS_SEARCH_USER_PATHS = NO;
				CLANG_ANALYZER_NONNULL = YES;
				CLANG_ANALYZER_NUMBER_OBJECT_CONVERSION = YES_AGGRESSIVE;
				CLANG_CXX_LANGUAGE_STANDARD = "gnu++20";
				CLANG_ENABLE_MODULES = YES;
				CLANG_ENABLE_OBJC_ARC = YES;
				CLANG_ENABLE_OBJC_WEAK = YES;
				CLANG_WARN_BLOCK_CAPTURE_AUTORELEASING = YES;
				CLANG_WARN_BOOL_CONVERSION = YES;
				CLANG_WARN_COMMA = YES;
				CLANG_WARN_CONSTANT_CONVERSION = YES;
				CLANG_WARN_DEPRECATED_OBJC_IMPLEMENTATIONS = YES;
				CLANG_WARN_DIRECT_OBJC_ISA_USAGE = YES_ERROR;
				CLANG_WARN_DOCUMENTATION_COMMENTS = YES;
				CLANG_WARN_EMPTY_BODY = YES;
				CLANG_WARN_ENUM_CONVERSION = YES;
				CLANG_WARN_INFINITE_RECURSION = YES;
				CLANG_WARN_INT_CONVERSION = YES;
				CLANG_WARN_NON_LITERAL_NULL_CONVERSION = YES;
				CLANG_WARN_OBJC_IMPLICIT_RETAIN_SELF = YES;
				CLANG_WARN_OBJC_LITERAL_CONVERSION = YES;
				CLANG_WARN_OBJC_ROOT_CLASS = YES_ERROR;
				CLANG_WARN_QUOTED_INCLUDE_IN_FRAMEWORK_HEADER = YES;
				CLANG_WARN_RANGE_LOOP_ANALYSIS = YES;
				CLANG_WARN_STRICT_PROTOTYPES = YES;
				CLANG_WARN_SUSPICIOUS_MOVE = YES;
				CLANG_WARN_UNGUARDED_AVAILABILITY = YES_AGGRESSIVE;
				CLANG_WARN_UNREACHABLE_CODE = YES;
				CLANG_WARN__DUPLICATE_METHOD_MATCH = YES;
				COPY_PHASE_STRIP = NO;
				DEBUG_INFORMATION_FORMAT = dwarf;
				ENABLE_STRICT_OBJC_MSGSEND = YES;
				ENABLE_TESTABILITY = YES;
				GCC_C_LANGUAGE_STANDARD = gnu11;
				GCC_DYNAMIC_NO_PIC = NO;
				GCC_NO_COMMON_BLOCKS = YES;
				GCC_OPTIMIZATION_LEVEL = 0;
				GCC_PREPROCESSOR_DEFINITIONS = (
					"DEBUG=1",
					"$(inherited)",
				);
				GCC_WARN_64_TO_32_BIT_CONVERSION = YES;
				GCC_WARN_ABOUT_RETURN_TYPE = YES_ERROR;
				GCC_WARN_UNDECLARED_SELECTOR = YES;
				GCC_WARN_UNINITIALIZED_AUTOS = YES_AGGRESSIVE;
				GCC_WARN_UNUSED_FUNCTION = YES;
				GCC_WARN_UNUSED_VARIABLE = YES;
				IPHONEOS_DEPLOYMENT_TARGET = 16.4;
				MTL_ENABLE_DEBUG_INFO = INCLUDE_SOURCE;
				MTL_FAST_MATH = YES;
				ONLY_ACTIVE_ARCH = YES;
				SDKROOT = iphoneos;
				SWIFT_ACTIVE_COMPILATION_CONDITIONS = DEBUG;
				SWIFT_OPTIMIZATION_LEVEL = "-Onone";
			};
			name = Debug;
		};
		703DA0982AE81F6200E9B97D /* Release */ = {
			isa = XCBuildConfiguration;
			buildSettings = {
				ALWAYS_SEARCH_USER_PATHS = NO;
				CLANG_ANALYZER_NONNULL = YES;
				CLANG_ANALYZER_NUMBER_OBJECT_CONVERSION = YES_AGGRESSIVE;
				CLANG_CXX_LANGUAGE_STANDARD = "gnu++20";
				CLANG_ENABLE_MODULES = YES;
				CLANG_ENABLE_OBJC_ARC = YES;
				CLANG_ENABLE_OBJC_WEAK = YES;
				CLANG_WARN_BLOCK_CAPTURE_AUTORELEASING = YES;
				CLANG_WARN_BOOL_CONVERSION = YES;
				CLANG_WARN_COMMA = YES;
				CLANG_WARN_CONSTANT_CONVERSION = YES;
				CLANG_WARN_DEPRECATED_OBJC_IMPLEMENTATIONS = YES;
				CLANG_WARN_DIRECT_OBJC_ISA_USAGE = YES_ERROR;
				CLANG_WARN_DOCUMENTATION_COMMENTS = YES;
				CLANG_WARN_EMPTY_BODY = YES;
				CLANG_WARN_ENUM_CONVERSION = YES;
				CLANG_WARN_INFINITE_RECURSION = YES;
				CLANG_WARN_INT_CONVERSION = YES;
				CLANG_WARN_NON_LITERAL_NULL_CONVERSION = YES;
				CLANG_WARN_OBJC_IMPLICIT_RETAIN_SELF = YES;
				CLANG_WARN_OBJC_LITERAL_CONVERSION = YES;
				CLANG_WARN_OBJC_ROOT_CLASS = YES_ERROR;
				CLANG_WARN_QUOTED_INCLUDE_IN_FRAMEWORK_HEADER = YES;
				CLANG_WARN_RANGE_LOOP_ANALYSIS = YES;
				CLANG_WARN_STRICT_PROTOTYPES = YES;
				CLANG_WARN_SUSPICIOUS_MOVE = YES;
				CLANG_WARN_UNGUARDED_AVAILABILITY = YES_AGGRESSIVE;
				CLANG_WARN_UNREACHABLE_CODE = YES;
				CLANG_WARN__DUPLICATE_METHOD_MATCH = YES;
				COPY_PHASE_STRIP = NO;
				DEBUG_INFORMATION_FORMAT = "dwarf-with-dsym";
				ENABLE_NS_ASSERTIONS = NO;
				ENABLE_STRICT_OBJC_MSGSEND = YES;
				GCC_C_LANGUAGE_STANDARD = gnu11;
				GCC_NO_COMMON_BLOCKS = YES;
				GCC_WARN_64_TO_32_BIT_CONVERSION = YES;
				GCC_WARN_ABOUT_RETURN_TYPE = YES_ERROR;
				GCC_WARN_UNDECLARED_SELECTOR = YES;
				GCC_WARN_UNINITIALIZED_AUTOS = YES_AGGRESSIVE;
				GCC_WARN_UNUSED_FUNCTION = YES;
				GCC_WARN_UNUSED_VARIABLE = YES;
				IPHONEOS_DEPLOYMENT_TARGET = 16.4;
				MTL_ENABLE_DEBUG_INFO = NO;
				MTL_FAST_MATH = YES;
				SDKROOT = iphoneos;
				SWIFT_COMPILATION_MODE = wholemodule;
				SWIFT_OPTIMIZATION_LEVEL = "-O";
				VALIDATE_PRODUCT = YES;
			};
			name = Release;
		};
		703DA09A2AE81F6200E9B97D /* Debug */ = {
			isa = XCBuildConfiguration;
			baseConfigurationReference = DF35A9C3157197699E93FF9D /* Pods-tekapp.debug.xcconfig */;
			buildSettings = {
				ASSETCATALOG_COMPILER_APPICON_NAME = AppIcon;
				ASSETCATALOG_COMPILER_GLOBAL_ACCENT_COLOR_NAME = AccentColor;
				CODE_SIGN_STYLE = Automatic;
				CURRENT_PROJECT_VERSION = 1;
				DEVELOPMENT_TEAM = NUGP7HP24H;
				GENERATE_INFOPLIST_FILE = YES;
				INFOPLIST_FILE = tekapp/config/Info.plist;
				INFOPLIST_KEY_UIApplicationSupportsIndirectInputEvents = YES;
				INFOPLIST_KEY_UILaunchStoryboardName = LaunchScreen;
				INFOPLIST_KEY_UIMainStoryboardFile = Main;
				INFOPLIST_KEY_UISupportedInterfaceOrientations_iPad = "UIInterfaceOrientationPortrait UIInterfaceOrientationPortraitUpsideDown UIInterfaceOrientationLandscapeLeft UIInterfaceOrientationLandscapeRight";
				INFOPLIST_KEY_UISupportedInterfaceOrientations_iPhone = "UIInterfaceOrientationPortrait UIInterfaceOrientationLandscapeLeft UIInterfaceOrientationLandscapeRight";
				IPHONEOS_DEPLOYMENT_TARGET = 11.0;
				LD_RUNPATH_SEARCH_PATHS = (
					"$(inherited)",
					"@executable_path/Frameworks",
				);
				MARKETING_VERSION = 1.0;
				PRODUCT_BUNDLE_IDENTIFIER = com.onderada.tekapp;
				PRODUCT_NAME = "$(TARGET_NAME)";
				SWIFT_EMIT_LOC_STRINGS = YES;
				SWIFT_VERSION = 5.0;
				TARGETED_DEVICE_FAMILY = "1,2";
			};
			name = Debug;
		};
		703DA09B2AE81F6200E9B97D /* Release */ = {
			isa = XCBuildConfiguration;
			baseConfigurationReference = 8E0FDD4E99DE2DA8C214F2EC /* Pods-tekapp.release.xcconfig */;
			buildSettings = {
				ASSETCATALOG_COMPILER_APPICON_NAME = AppIcon;
				ASSETCATALOG_COMPILER_GLOBAL_ACCENT_COLOR_NAME = AccentColor;
				CODE_SIGN_STYLE = Automatic;
				CURRENT_PROJECT_VERSION = 1;
				DEVELOPMENT_TEAM = NUGP7HP24H;
				GENERATE_INFOPLIST_FILE = YES;
				INFOPLIST_FILE = tekapp/config/Info.plist;
				INFOPLIST_KEY_UIApplicationSupportsIndirectInputEvents = YES;
				INFOPLIST_KEY_UILaunchStoryboardName = LaunchScreen;
				INFOPLIST_KEY_UIMainStoryboardFile = Main;
				INFOPLIST_KEY_UISupportedInterfaceOrientations_iPad = "UIInterfaceOrientationPortrait UIInterfaceOrientationPortraitUpsideDown UIInterfaceOrientationLandscapeLeft UIInterfaceOrientationLandscapeRight";
				INFOPLIST_KEY_UISupportedInterfaceOrientations_iPhone = "UIInterfaceOrientationPortrait UIInterfaceOrientationLandscapeLeft UIInterfaceOrientationLandscapeRight";
				IPHONEOS_DEPLOYMENT_TARGET = 11.0;
				LD_RUNPATH_SEARCH_PATHS = (
					"$(inherited)",
					"@executable_path/Frameworks",
				);
				MARKETING_VERSION = 1.0;
				PRODUCT_BUNDLE_IDENTIFIER = com.onderada.tekapp;
				PRODUCT_NAME = "$(TARGET_NAME)";
				SWIFT_EMIT_LOC_STRINGS = YES;
				SWIFT_VERSION = 5.0;
				TARGETED_DEVICE_FAMILY = "1,2";
			};
			name = Release;
		};
/* End XCBuildConfiguration section */

/* Begin XCConfigurationList section */
		703DA0802AE81F6000E9B97D /* Build configuration list for PBXProject "tekapp" */ = {
			isa = XCConfigurationList;
			buildConfigurations = (
				703DA0972AE81F6200E9B97D /* Debug */,
				703DA0982AE81F6200E9B97D /* Release */,
			);
			defaultConfigurationIsVisible = 0;
			defaultConfigurationName = Release;
		};
		703DA0992AE81F6200E9B97D /* Build configuration list for PBXNativeTarget "tekapp" */ = {
			isa = XCConfigurationList;
			buildConfigurations = (
				703DA09A2AE81F6200E9B97D /* Debug */,
				703DA09B2AE81F6200E9B97D /* Release */,
			);
			defaultConfigurationIsVisible = 0;
			defaultConfigurationName = Release;
		};
/* End XCConfigurationList section */
	};
	rootObject = 703DA07D2AE81F6000E9B97D /* Project object */;
}
